{
  "name": "gameserver-ll",
  "version": "1.0.0",
  "lockfileVersion": 1,
  "requires": true,
  "dependencies": {
    "async-limiter": {
      "version": "1.0.1",
      "resolved": "https://registry.npmjs.org/async-limiter/-/async-limiter-1.0.1.tgz",
      "integrity": "sha512-csOlWGAcRFJaI6m+F2WKdnMKr4HhdhFVBk0H/QbJFMCr+uO2kwohwXQPxw/9OCxp05r5ghVBFSyioixx3gfkNQ=="
    },
    "isomorphic-ws": {
      "version": "4.0.1",
      "resolved": "https://registry.npmjs.org/isomorphic-ws/-/isomorphic-ws-4.0.1.tgz",
      "integrity": "sha512-BhBvN2MBpWTaSHdWRb/bwdZJ1WaehQ2L1KngkCkfLUGF0mAWAT1sQUQacEmQ0jXkFw/czDXPNQSL5u2/Krsz1w=="
    },
    "osc-js": {
      "version": "2.0.3",
      "resolved": "https://registry.npmjs.org/osc-js/-/osc-js-2.0.3.tgz",
      "integrity": "sha512-mX8n20IEh5nJAgAr9MKFhLeV3ENNmwZEOaiAwU4U3LyOJLzhj/dfRDQtPq3VcKZz7J/Xwm3Ro0j/045l4ftuXw==",
      "requires": {
        "isomorphic-ws": "4.0.1",
        "ws": "6.2.0"
      }
    },
    "ws": {
      "version": "6.2.0",
      "resolved": "https://registry.npmjs.org/ws/-/ws-6.2.0.tgz",
      "integrity": "sha512-deZYUNlt2O4buFCa3t5bKLf8A7FPP/TVjwOeVNpw818Ma5nk4MLXls2eoEGS39o8119QIYxTrTDoPQ5B/gTD6w==",
      "requires": {
        "async-limiter": "~1.0.0"
      }
    }
  }
}
